
Microsoft Visual Studio Solution File, Format Version 12.00
# Visual Studio Version 17
VisualStudioVersion = 17.5.002.0
MinimumVisualStudioVersion = 10.0.40219.1
Project("{2150E333-8FDC-42A3-9474-1A3956D46DE8}") = "csharp-prep", "csharp-prep", "{BA564F0B-E057-4F65-B043-A81A5760A629}"
EndProject
Project("{9A19103F-16F7-4668-BE54-9A1E7A4F7556}") = "Prep1", "csharp-prep\Prep1\Prep1.csproj", "{84CA23D1-E1F8-467B-A950-A4A11F8C78A6}"
EndProject
Project("{9A19103F-16F7-4668-BE54-9A1E7A4F7556}") = "Prep2", "csharp-prep\Prep2\Prep2.csproj", "{09CF00E0-58CB-4BEC-8203-39D14433D5A2}"
EndProject
Project("{9A19103F-16F7-4668-BE54-9A1E7A4F7556}") = "Prep3", "csharp-prep\Prep3\Prep3.csproj", "{8F87279E-1A2B-48BC-94B4-81BB8E00E58A}"
EndProject
Project("{9A19103F-16F7-4668-BE54-9A1E7A4F7556}") = "Prep4", "csharp-prep\Prep4\Prep4.csproj", "{1A49B45B-02BC-4597-9F2D-B9CF4CA173BF}"
EndProject
Project("{9A19103F-16F7-4668-BE54-9A1E7A4F7556}") = "Prep5", "csharp-prep\Prep5\Prep5.csproj", "{47DBD72B-2D05-4BAC-93F4-419880D025FF}"
EndProject
Project("{2150E333-8FDC-42A3-9474-1A3956D46DE8}") = "final", "final", "{A7C30F20-60F0-4785-9637-AF239786B9E7}"
EndProject
Project("{9A19103F-16F7-4668-BE54-9A1E7A4F7556}") = "FinalProject", "final\FinalProject\FinalProject.csproj", "{9E66EC12-F165-4967-8295-DCD95B86A930}"
EndProject
Project("{9A19103F-16F7-4668-BE54-9A1E7A4F7556}") = "Foundation1", "final\Foundation1\Foundation1.csproj", "{127ECA01-38C3-4CB9-A122-18B95121363B}"
EndProject
Project("{9A19103F-16F7-4668-BE54-9A1E7A4F7556}") = "Foundation2", "final\Foundation2\Foundation2.csproj", "{EF5C2A72-9186-40A8-97A4-5B4E9609A3A6}"
EndProject
Project("{9A19103F-16F7-4668-BE54-9A1E7A4F7556}") = "Foundation3", "final\Foundation3\Foundation3.csproj", "{E8EFDB2B-1CFD-44EE-A45A-97DCB1ECE90C}"
EndProject
Project("{9A19103F-16F7-4668-BE54-9A1E7A4F7556}") = "Foundation4", "final\Foundation4\Foundation4.csproj", "{80681AD5-F8DE-47AB-9FF8-581305FDB2C7}"
EndProject
Project("{2150E333-8FDC-42A3-9474-1A3956D46DE8}") = "prepare", "prepare", "{57200DD6-52D9-481B-9C5D-C71AC1C587F2}"
EndProject
Project("{9A19103F-16F7-4668-BE54-9A1E7A4F7556}") = "Learning02", "prepare\Learning02\Learning02.csproj", "{59EE58D2-7873-48D8-891A-C784D953A814}"
EndProject
Project("{9A19103F-16F7-4668-BE54-9A1E7A4F7556}") = "Learning03", "prepare\Learning03\Learning03.csproj", "{37FA8A28-793E-4EB0-BC84-11AF94D13194}"
EndProject
Project("{9A19103F-16F7-4668-BE54-9A1E7A4F7556}") = "Learning04", "prepare\Learning04\Learning04.csproj", "{C27114D6-966E-47FC-8188-C6DD762B0C16}"
EndProject
Project("{9A19103F-16F7-4668-BE54-9A1E7A4F7556}") = "Learning05", "prepare\Learning05\Learning05.csproj", "{F5D193B0-17EA-44BE-BA6D-ECCC970C0A03}"
EndProject
Project("{2150E333-8FDC-42A3-9474-1A3956D46DE8}") = "prove", "prove", "{F5C68AB0-5673-409B-8889-26D8C0D39CC4}"
EndProject
Project("{9A19103F-16F7-4668-BE54-9A1E7A4F7556}") = "Develop02", "prove\Develop02\Develop02.csproj", "{6B506043-033E-4A5A-9530-469D5F586907}"
EndProject
Project("{9A19103F-16F7-4668-BE54-9A1E7A4F7556}") = "Develop03", "prove\Develop03\Develop03.csproj", "{55DAADF0-4767-4600-98C5-86D5CCA3A12E}"
EndProject
Project("{9A19103F-16F7-4668-BE54-9A1E7A4F7556}") = "Develop04", "prove\Develop04\Develop04.csproj", "{4355B82B-F195-4D88-8661-8DBD9D206EDD}"
EndProject
Project("{9A19103F-16F7-4668-BE54-9A1E7A4F7556}") = "Develop05", "prove\Develop05\Develop05.csproj", "{9766FC93-18FC-4A30-BDC4-43EFBEA980E0}"
EndProject
Project("{2150E333-8FDC-42A3-9474-1A3956D46DE8}") = "sandbox", "sandbox", "{E7B4202B-B670-47F8-8035-05FBFF571218}"
EndProject
Project("{9A19103F-16F7-4668-BE54-9A1E7A4F7556}") = "Sandbox", "sandbox\Sandbox\Sandbox.csproj", "{F7FEE36F-FFEF-4BFE-92A1-6DBCC5D9110D}"
EndProject
Global
	GlobalSection(SolutionConfigurationPlatforms) = preSolution
		Debug|Any CPU = Debug|Any CPU
		Release|Any CPU = Release|Any CPU
	EndGlobalSection
	GlobalSection(ProjectConfigurationPlatforms) = postSolution
		{84CA23D1-E1F8-467B-A950-A4A11F8C78A6}.Debug|Any CPU.ActiveCfg = Debug|Any CPU
		{84CA23D1-E1F8-467B-A950-A4A11F8C78A6}.Debug|Any CPU.Build.0 = Debug|Any CPU
		{84CA23D1-E1F8-467B-A950-A4A11F8C78A6}.Release|Any CPU.ActiveCfg = Release|Any CPU
		{84CA23D1-E1F8-467B-A950-A4A11F8C78A6}.Release|Any CPU.Build.0 = Release|Any CPU
		{09CF00E0-58CB-4BEC-8203-39D14433D5A2}.Debug|Any CPU.ActiveCfg = Debug|Any CPU
		{09CF00E0-58CB-4BEC-8203-39D14433D5A2}.Debug|Any CPU.Build.0 = Debug|Any CPU
		{09CF00E0-58CB-4BEC-8203-39D14433D5A2}.Release|Any CPU.ActiveCfg = Release|Any CPU
		{09CF00E0-58CB-4BEC-8203-39D14433D5A2}.Release|Any CPU.Build.0 = Release|Any CPU
		{8F87279E-1A2B-48BC-94B4-81BB8E00E58A}.Debug|Any CPU.ActiveCfg = Debug|Any CPU
		{8F87279E-1A2B-48BC-94B4-81BB8E00E58A}.Debug|Any CPU.Build.0 = Debug|Any CPU
		{8F87279E-1A2B-48BC-94B4-81BB8E00E58A}.Release|Any CPU.ActiveCfg = Release|Any CPU
		{8F87279E-1A2B-48BC-94B4-81BB8E00E58A}.Release|Any CPU.Build.0 = Release|Any CPU
		{1A49B45B-02BC-4597-9F2D-B9CF4CA173BF}.Debug|Any CPU.ActiveCfg = Debug|Any CPU
		{1A49B45B-02BC-4597-9F2D-B9CF4CA173BF}.Debug|Any CPU.Build.0 = Debug|Any CPU
		{1A49B45B-02BC-4597-9F2D-B9CF4CA173BF}.Release|Any CPU.ActiveCfg = Release|Any CPU
		{1A49B45B-02BC-4597-9F2D-B9CF4CA173BF}.Release|Any CPU.Build.0 = Release|Any CPU
		{47DBD72B-2D05-4BAC-93F4-419880D025FF}.Debug|Any CPU.ActiveCfg = Debug|Any CPU
		{47DBD72B-2D05-4BAC-93F4-419880D025FF}.Debug|Any CPU.Build.0 = Debug|Any CPU
		{47DBD72B-2D05-4BAC-93F4-419880D025FF}.Release|Any CPU.ActiveCfg = Release|Any CPU
		{47DBD72B-2D05-4BAC-93F4-419880D025FF}.Release|Any CPU.Build.0 = Release|Any CPU
		{9E66EC12-F165-4967-8295-DCD95B86A930}.Debug|Any CPU.ActiveCfg = Debug|Any CPU
		{9E66EC12-F165-4967-8295-DCD95B86A930}.Debug|Any CPU.Build.0 = Debug|Any CPU
		{9E66EC12-F165-4967-8295-DCD95B86A930}.Release|Any CPU.ActiveCfg = Release|Any CPU
		{9E66EC12-F165-4967-8295-DCD95B86A930}.Release|Any CPU.Build.0 = Release|Any CPU
		{127ECA01-38C3-4CB9-A122-18B95121363B}.Debug|Any CPU.ActiveCfg = Debug|Any CPU
		{127ECA01-38C3-4CB9-A122-18B95121363B}.Debug|Any CPU.Build.0 = Debug|Any CPU
		{127ECA01-38C3-4CB9-A122-18B95121363B}.Release|Any CPU.ActiveCfg = Release|Any CPU
		{127ECA01-38C3-4CB9-A122-18B95121363B}.Release|Any CPU.Build.0 = Release|Any CPU
		{EF5C2A72-9186-40A8-97A4-5B4E9609A3A6}.Debug|Any CPU.ActiveCfg = Debug|Any CPU
		{EF5C2A72-9186-40A8-97A4-5B4E9609A3A6}.Debug|Any CPU.Build.0 = Debug|Any CPU
		{EF5C2A72-9186-40A8-97A4-5B4E9609A3A6}.Release|Any CPU.ActiveCfg = Release|Any CPU
		{EF5C2A72-9186-40A8-97A4-5B4E9609A3A6}.Release|Any CPU.Build.0 = Release|Any CPU
		{E8EFDB2B-1CFD-44EE-A45A-97DCB1ECE90C}.Debug|Any CPU.ActiveCfg = Debug|Any CPU
		{E8EFDB2B-1CFD-44EE-A45A-97DCB1ECE90C}.Debug|Any CPU.Build.0 = Debug|Any CPU
		{E8EFDB2B-1CFD-44EE-A45A-97DCB1ECE90C}.Release|Any CPU.ActiveCfg = Release|Any CPU
		{E8EFDB2B-1CFD-44EE-A45A-97DCB1ECE90C}.Release|Any CPU.Build.0 = Release|Any CPU
		{80681AD5-F8DE-47AB-9FF8-581305FDB2C7}.Debug|Any CPU.ActiveCfg = Debug|Any CPU
		{80681AD5-F8DE-47AB-9FF8-581305FDB2C7}.Debug|Any CPU.Build.0 = Debug|Any CPU
		{80681AD5-F8DE-47AB-9FF8-581305FDB2C7}.Release|Any CPU.ActiveCfg = Release|Any CPU
		{80681AD5-F8DE-47AB-9FF8-581305FDB2C7}.Release|Any CPU.Build.0 = Release|Any CPU
		{59EE58D2-7873-48D8-891A-C784D953A814}.Debug|Any CPU.ActiveCfg = Debug|Any CPU
		{59EE58D2-7873-48D8-891A-C784D953A814}.Debug|Any CPU.Build.0 = Debug|Any CPU
		{59EE58D2-7873-48D8-891A-C784D953A814}.Release|Any CPU.ActiveCfg = Release|Any CPU
		{59EE58D2-7873-48D8-891A-C784D953A814}.Release|Any CPU.Build.0 = Release|Any CPU
		{37FA8A28-793E-4EB0-BC84-11AF94D13194}.Debug|Any CPU.ActiveCfg = Debug|Any CPU
		{37FA8A28-793E-4EB0-BC84-11AF94D13194}.Debug|Any CPU.Build.0 = Debug|Any CPU
		{37FA8A28-793E-4EB0-BC84-11AF94D13194}.Release|Any CPU.ActiveCfg = Release|Any CPU
		{37FA8A28-793E-4EB0-BC84-11AF94D13194}.Release|Any CPU.Build.0 = Release|Any CPU
		{C27114D6-966E-47FC-8188-C6DD762B0C16}.Debug|Any CPU.ActiveCfg = Debug|Any CPU
		{C27114D6-966E-47FC-8188-C6DD762B0C16}.Debug|Any CPU.Build.0 = Debug|Any CPU
		{C27114D6-966E-47FC-8188-C6DD762B0C16}.Release|Any CPU.ActiveCfg = Release|Any CPU
		{C27114D6-966E-47FC-8188-C6DD762B0C16}.Release|Any CPU.Build.0 = Release|Any CPU
		{F5D193B0-17EA-44BE-BA6D-ECCC970C0A03}.Debug|Any CPU.ActiveCfg = Debug|Any CPU
		{F5D193B0-17EA-44BE-BA6D-ECCC970C0A03}.Debug|Any CPU.Build.0 = Debug|Any CPU
		{F5D193B0-17EA-44BE-BA6D-ECCC970C0A03}.Release|Any CPU.ActiveCfg = Release|Any CPU
		{F5D193B0-17EA-44BE-BA6D-ECCC970C0A03}.Release|Any CPU.Build.0 = Release|Any CPU
		{6B506043-033E-4A5A-9530-469D5F586907}.Debug|Any CPU.ActiveCfg = Debug|Any CPU
		{6B506043-033E-4A5A-9530-469D5F586907}.Debug|Any CPU.Build.0 = Debug|Any CPU
		{6B506043-033E-4A5A-9530-469D5F586907}.Release|Any CPU.ActiveCfg = Release|Any CPU
		{6B506043-033E-4A5A-9530-469D5F586907}.Release|Any CPU.Build.0 = Release|Any CPU
		{55DAADF0-4767-4600-98C5-86D5CCA3A12E}.Debug|Any CPU.ActiveCfg = Debug|Any CPU
		{55DAADF0-4767-4600-98C5-86D5CCA3A12E}.Debug|Any CPU.Build.0 = Debug|Any CPU
		{55DAADF0-4767-4600-98C5-86D5CCA3A12E}.Release|Any CPU.ActiveCfg = Release|Any CPU
		{55DAADF0-4767-4600-98C5-86D5CCA3A12E}.Release|Any CPU.Build.0 = Release|Any CPU
		{4355B82B-F195-4D88-8661-8DBD9D206EDD}.Debug|Any CPU.ActiveCfg = Debug|Any CPU
		{4355B82B-F195-4D88-8661-8DBD9D206EDD}.Debug|Any CPU.Build.0 = Debug|Any CPU
		{4355B82B-F195-4D88-8661-8DBD9D206EDD}.Release|Any CPU.ActiveCfg = Release|Any CPU
		{4355B82B-F195-4D88-8661-8DBD9D206EDD}.Release|Any CPU.Build.0 = Release|Any CPU
		{9766FC93-18FC-4A30-BDC4-43EFBEA980E0}.Debug|Any CPU.ActiveCfg = Debug|Any CPU
		{9766FC93-18FC-4A30-BDC4-43EFBEA980E0}.Debug|Any CPU.Build.0 = Debug|Any CPU
		{9766FC93-18FC-4A30-BDC4-43EFBEA980E0}.Release|Any CPU.ActiveCfg = Release|Any CPU
		{9766FC93-18FC-4A30-BDC4-43EFBEA980E0}.Release|Any CPU.Build.0 = Release|Any CPU
		{F7FEE36F-FFEF-4BFE-92A1-6DBCC5D9110D}.Debug|Any CPU.ActiveCfg = Debug|Any CPU
		{F7FEE36F-FFEF-4BFE-92A1-6DBCC5D9110D}.Debug|Any CPU.Build.0 = Debug|Any CPU
		{F7FEE36F-FFEF-4BFE-92A1-6DBCC5D9110D}.Release|Any CPU.ActiveCfg = Release|Any CPU
		{F7FEE36F-FFEF-4BFE-92A1-6DBCC5D9110D}.Release|Any CPU.Build.0 = Release|Any CPU
	EndGlobalSection
	GlobalSection(SolutionProperties) = preSolution
		HideSolutionNode = FALSE
	EndGlobalSection
	GlobalSection(NestedProjects) = preSolution
		{84CA23D1-E1F8-467B-A950-A4A11F8C78A6} = {BA564F0B-E057-4F65-B043-A81A5760A629}
		{09CF00E0-58CB-4BEC-8203-39D14433D5A2} = {BA564F0B-E057-4F65-B043-A81A5760A629}
		{8F87279E-1A2B-48BC-94B4-81BB8E00E58A} = {BA564F0B-E057-4F65-B043-A81A5760A629}
		{1A49B45B-02BC-4597-9F2D-B9CF4CA173BF} = {BA564F0B-E057-4F65-B043-A81A5760A629}
		{47DBD72B-2D05-4BAC-93F4-419880D025FF} = {BA564F0B-E057-4F65-B043-A81A5760A629}
		{9E66EC12-F165-4967-8295-DCD95B86A930} = {A7C30F20-60F0-4785-9637-AF239786B9E7}
		{127ECA01-38C3-4CB9-A122-18B95121363B} = {A7C30F20-60F0-4785-9637-AF239786B9E7}
		{EF5C2A72-9186-40A8-97A4-5B4E9609A3A6} = {A7C30F20-60F0-4785-9637-AF239786B9E7}
		{E8EFDB2B-1CFD-44EE-A45A-97DCB1ECE90C} = {A7C30F20-60F0-4785-9637-AF239786B9E7}
		{80681AD5-F8DE-47AB-9FF8-581305FDB2C7} = {A7C30F20-60F0-4785-9637-AF239786B9E7}
		{59EE58D2-7873-48D8-891A-C784D953A814} = {57200DD6-52D9-481B-9C5D-C71AC1C587F2}
		{37FA8A28-793E-4EB0-BC84-11AF94D13194} = {57200DD6-52D9-481B-9C5D-C71AC1C587F2}
		{C27114D6-966E-47FC-8188-C6DD762B0C16} = {57200DD6-52D9-481B-9C5D-C71AC1C587F2}
		{F5D193B0-17EA-44BE-BA6D-ECCC970C0A03} = {57200DD6-52D9-481B-9C5D-C71AC1C587F2}
		{6B506043-033E-4A5A-9530-469D5F586907} = {F5C68AB0-5673-409B-8889-26D8C0D39CC4}
		{55DAADF0-4767-4600-98C5-86D5CCA3A12E} = {F5C68AB0-5673-409B-8889-26D8C0D39CC4}
		{4355B82B-F195-4D88-8661-8DBD9D206EDD} = {F5C68AB0-5673-409B-8889-26D8C0D39CC4}
		{9766FC93-18FC-4A30-BDC4-43EFBEA980E0} = {F5C68AB0-5673-409B-8889-26D8C0D39CC4}
		{F7FEE36F-FFEF-4BFE-92A1-6DBCC5D9110D} = {E7B4202B-B670-47F8-8035-05FBFF571218}
	EndGlobalSection
	GlobalSection(ExtensibilityGlobals) = postSolution
		SolutionGuid = {631CBBC2-2598-49F7-99E4-8EA1A271FE27}
	EndGlobalSection
EndGlobal
